
Microsoft Visual Studio Solution File, Format Version 12.00
# Visual Studio Version 16
VisualStudioVersion = 16.0.30804.86
MinimumVisualStudioVersion = 10.0.40219.1
Project("{8BC9CEB8-8B4A-11D0-8D11-00A0C91BC942}") = "FILoadMesh", "FILoadMesh16.0.vcxproj", "{CFD01360-15FD-4A69-8231-C982DC64B29A}"
EndProject
Global
	GlobalSection(SolutionConfigurationPlatforms) = preSolution
		Debug|Win32 = Debug|Win32
		Debug|x64 = Debug|x64
		Release|Win32 = Release|Win32
		Release|x64 = Release|x64
		Trace|Win32 = Trace|Win32
		Trace|x64 = Trace|x64
	EndGlobalSection
	GlobalSection(ProjectConfigurationPlatforms) = postSolution
		{CFD01360-15FD-4A69-8231-C982DC64B29A}.Debug|Win32.ActiveCfg = Debug|Win32
		{CFD01360-15FD-4A69-8231-C982DC64B29A}.Debug|Win32.Build.0 = Debug|Win32
		{CFD01360-15FD-4A69-8231-C982DC64B29A}.Debug|x64.ActiveCfg = Debug|x64
		{CFD01360-15FD-4A69-8231-C982DC64B29A}.Debug|x64.Build.0 = Debug|x64
		{CFD01360-15FD-4A69-8231-C982DC64B29A}.Release|Win32.ActiveCfg = Release|Win32
		{CFD01360-15FD-4A69-8231-C982DC64B29A}.Release|Win32.Build.0 = Release|Win32
		{CFD01360-15FD-4A69-8231-C982DC64B29A}.Release|x64.ActiveCfg = Release|x64
		{CFD01360-15FD-4A69-8231-C982DC64B29A}.Release|x64.Build.0 = Release|x64
		{CFD01360-15FD-4A69-8231-C982DC64B29A}.Trace|Win32.ActiveCfg = Trace|Win32
		{CFD01360-15FD-4A69-8231-C982DC64B29A}.Trace|Win32.Build.0 = Trace|Win32
		{CFD01360-15FD-4A69-8231-C982DC64B29A}.Trace|x64.ActiveCfg = Trace|x64
		{CFD01360-15FD-4A69-8231-C982DC64B29A}.Trace|x64.Build.0 = Trace|x64
	EndGlobalSection
	GlobalSection(SolutionProperties) = preSolution
		HideSolutionNode = FALSE
	EndGlobalSection
	GlobalSection(ExtensibilityGlobals) = postSolution
		SolutionGuid = {22E546EB-5C84-43C2-9D05-86512563707C}
	EndGlobalSection
EndGlobal
