<?xml version="1.0" encoding="utf-8"?>
<Project ToolsVersion="16.0" xmlns="http://schemas.microsoft.com/developer/msbuild/2003">
  <ItemGroup>
    <CustomBuild Include="F:\Project\SpringheadDevelop\core\src\SprCSharp\build\CMakeFiles\9ad4cb62bc36cb5085fc4c4a62f0e52a\TargetManager.rule">
      <Filter>CMake Rules</Filter>
    </CustomBuild>
  </ItemGroup>
  <ItemGroup>
    <None Include="F:\Project\SpringheadDevelop\core\src\SprCSharp\TargetManager\CMakeFiles\TargetManager" />
  </ItemGroup>
  <ItemGroup>
    <Filter Include="CMake Rules">
      <UniqueIdentifier>{8D6430AA-5162-3328-AC23-A1BCAAE73F42}</UniqueIdentifier>
    </Filter>
  </ItemGroup>
</Project>
