<?xml version="1.0" encoding="utf-8"?>
<Project ToolsVersion="16.0" xmlns="http://schemas.microsoft.com/developer/msbuild/2003">
  <ItemGroup>
    <CustomBuild Include="F:\Project\SpringheadTest\core\src\SprCSharp\build\CMakeFiles\121fd17ac35292f03a8c126afa2c29b8\NameManager.rule">
      <Filter>CMake Rules</Filter>
    </CustomBuild>
  </ItemGroup>
  <ItemGroup>
    <None Include="F:\Project\SpringheadTest\core\src\SprCSharp\NameManager\CMakeFiles\NameManager" />
  </ItemGroup>
  <ItemGroup>
    <Filter Include="CMake Rules">
      <UniqueIdentifier>{E5E6481F-A7A9-3CBE-8D7D-2466DF6C8B5F}</UniqueIdentifier>
    </Filter>
  </ItemGroup>
</Project>
